
Microsoft Visual Studio Solution File, Format Version 12.00
# Visual Studio Version 16
VisualStudioVersion = 16.0.29001.49
MinimumVisualStudioVersion = 10.0.40219.1
Project("{FAE04EC0-301F-11D3-BF4B-00C04F79EFBC}") = "CustomInterface", "CustomInterface\CustomInterface.csproj", "{D9B3D811-2CA7-4FD3-9E6B-5480F4E228CE}"
EndProject
Global
	GlobalSection(SolutionConfigurationPlatforms) = preSolution
		Debug|Any CPU = Debug|Any CPU
		Release|Any CPU = Release|Any CPU
	EndGlobalSection
	GlobalSection(ProjectConfigurationPlatforms) = postSolution
		{D9B3D811-2CA7-4FD3-9E6B-5480F4E228CE}.Debug|Any CPU.ActiveCfg = Debug|Any CPU
		{D9B3D811-2CA7-4FD3-9E6B-5480F4E228CE}.Debug|Any CPU.Build.0 = Debug|Any CPU
		{D9B3D811-2CA7-4FD3-9E6B-5480F4E228CE}.Release|Any CPU.ActiveCfg = Release|Any CPU
		{D9B3D811-2CA7-4FD3-9E6B-5480F4E228CE}.Release|Any CPU.Build.0 = Release|Any CPU
	EndGlobalSection
	GlobalSection(SolutionProperties) = preSolution
		HideSolutionNode = FALSE
	EndGlobalSection
	GlobalSection(ExtensibilityGlobals) = postSolution
		SolutionGuid = {3A5BB82A-0687-4872-9364-8B995573A18E}
	EndGlobalSection
EndGlobal
